
Microsoft Visual Studio Solution File, Format Version 12.00
# Visual Studio Version 16
VisualStudioVersion = 16.0.28803.202
MinimumVisualStudioVersion = 10.0.40219.1
Project("{9A19103F-16F7-4668-BE54-9A1E7A4F7556}") = "FunctionApp1", "FunctionApp1\FunctionApp1.csproj", "{288FBF0D-D998-4A8F-98F1-5F072B699223}"
EndProject
Project("{9A19103F-16F7-4668-BE54-9A1E7A4F7556}") = "FunctionApp1.Impl", "FunctionApp1.Impl\FunctionApp1.Impl.csproj", "{086861B0-76F5-4321-B1E6-CEF3C8BCA5CB}"
EndProject
Global
	GlobalSection(SolutionConfigurationPlatforms) = preSolution
		Debug|Any CPU = Debug|Any CPU
		Release|Any CPU = Release|Any CPU
	EndGlobalSection
	GlobalSection(ProjectConfigurationPlatforms) = postSolution
		{288FBF0D-D998-4A8F-98F1-5F072B699223}.Debug|Any CPU.ActiveCfg = Debug|Any CPU
		{288FBF0D-D998-4A8F-98F1-5F072B699223}.Debug|Any CPU.Build.0 = Debug|Any CPU
		{288FBF0D-D998-4A8F-98F1-5F072B699223}.Release|Any CPU.ActiveCfg = Release|Any CPU
		{288FBF0D-D998-4A8F-98F1-5F072B699223}.Release|Any CPU.Build.0 = Release|Any CPU
		{086861B0-76F5-4321-B1E6-CEF3C8BCA5CB}.Debug|Any CPU.ActiveCfg = Debug|Any CPU
		{086861B0-76F5-4321-B1E6-CEF3C8BCA5CB}.Debug|Any CPU.Build.0 = Debug|Any CPU
		{086861B0-76F5-4321-B1E6-CEF3C8BCA5CB}.Release|Any CPU.ActiveCfg = Release|Any CPU
		{086861B0-76F5-4321-B1E6-CEF3C8BCA5CB}.Release|Any CPU.Build.0 = Release|Any CPU
	EndGlobalSection
	GlobalSection(SolutionProperties) = preSolution
		HideSolutionNode = FALSE
	EndGlobalSection
	GlobalSection(ExtensibilityGlobals) = postSolution
		SolutionGuid = {20FC7718-E1DC-4D9F-A5A1-3700435A6E5F}
	EndGlobalSection
EndGlobal
