
Microsoft Visual Studio Solution File, Format Version 12.00
# Visual Studio Version 16
VisualStudioVersion = 16.0.28803.352
MinimumVisualStudioVersion = 10.0.40219.1
Project("{9A19103F-16F7-4668-BE54-9A1E7A4F7556}") = "SchedulingApp", "SchedulingApp\SchedulingApp.csproj", "{12874098-770D-4825-AAE9-41F29449C4B8}"
EndProject
Project("{A07B5EB6-E848-4116-A8D0-A826331D98C6}") = "ServiceFabricApp", "ServiceFabricApp\ServiceFabricApp.sfproj", "{EDD7D99F-4F36-4AFF-AB93-4E0D63A94C74}"
EndProject
Project("{FAE04EC0-301F-11D3-BF4B-00C04F79EFBC}") = "Stateless1", "Stateless1\Stateless1.csproj", "{06309E8A-EDA7-471B-A958-D94E7A23FE18}"
EndProject
Global
	GlobalSection(SolutionConfigurationPlatforms) = preSolution
		Debug|Any CPU = Debug|Any CPU
		Debug|x64 = Debug|x64
		Release|Any CPU = Release|Any CPU
		Release|x64 = Release|x64
	EndGlobalSection
	GlobalSection(ProjectConfigurationPlatforms) = postSolution
		{12874098-770D-4825-AAE9-41F29449C4B8}.Debug|Any CPU.ActiveCfg = Debug|Any CPU
		{12874098-770D-4825-AAE9-41F29449C4B8}.Debug|Any CPU.Build.0 = Debug|Any CPU
		{12874098-770D-4825-AAE9-41F29449C4B8}.Debug|x64.ActiveCfg = Debug|Any CPU
		{12874098-770D-4825-AAE9-41F29449C4B8}.Debug|x64.Build.0 = Debug|Any CPU
		{12874098-770D-4825-AAE9-41F29449C4B8}.Release|Any CPU.ActiveCfg = Release|Any CPU
		{12874098-770D-4825-AAE9-41F29449C4B8}.Release|Any CPU.Build.0 = Release|Any CPU
		{12874098-770D-4825-AAE9-41F29449C4B8}.Release|x64.ActiveCfg = Release|Any CPU
		{12874098-770D-4825-AAE9-41F29449C4B8}.Release|x64.Build.0 = Release|Any CPU
		{EDD7D99F-4F36-4AFF-AB93-4E0D63A94C74}.Debug|Any CPU.ActiveCfg = Debug|x64
		{EDD7D99F-4F36-4AFF-AB93-4E0D63A94C74}.Debug|x64.ActiveCfg = Debug|x64
		{EDD7D99F-4F36-4AFF-AB93-4E0D63A94C74}.Debug|x64.Build.0 = Debug|x64
		{EDD7D99F-4F36-4AFF-AB93-4E0D63A94C74}.Debug|x64.Deploy.0 = Debug|x64
		{EDD7D99F-4F36-4AFF-AB93-4E0D63A94C74}.Release|Any CPU.ActiveCfg = Release|x64
		{EDD7D99F-4F36-4AFF-AB93-4E0D63A94C74}.Release|x64.ActiveCfg = Release|x64
		{EDD7D99F-4F36-4AFF-AB93-4E0D63A94C74}.Release|x64.Build.0 = Release|x64
		{EDD7D99F-4F36-4AFF-AB93-4E0D63A94C74}.Release|x64.Deploy.0 = Release|x64
		{06309E8A-EDA7-471B-A958-D94E7A23FE18}.Debug|Any CPU.ActiveCfg = Debug|Any CPU
		{06309E8A-EDA7-471B-A958-D94E7A23FE18}.Debug|Any CPU.Build.0 = Debug|Any CPU
		{06309E8A-EDA7-471B-A958-D94E7A23FE18}.Debug|x64.ActiveCfg = Debug|Any CPU
		{06309E8A-EDA7-471B-A958-D94E7A23FE18}.Debug|x64.Build.0 = Debug|Any CPU
		{06309E8A-EDA7-471B-A958-D94E7A23FE18}.Release|Any CPU.ActiveCfg = Release|Any CPU
		{06309E8A-EDA7-471B-A958-D94E7A23FE18}.Release|Any CPU.Build.0 = Release|Any CPU
		{06309E8A-EDA7-471B-A958-D94E7A23FE18}.Release|x64.ActiveCfg = Release|Any CPU
		{06309E8A-EDA7-471B-A958-D94E7A23FE18}.Release|x64.Build.0 = Release|Any CPU
	EndGlobalSection
	GlobalSection(SolutionProperties) = preSolution
		HideSolutionNode = FALSE
	EndGlobalSection
	GlobalSection(ExtensibilityGlobals) = postSolution
		SolutionGuid = {426BFC67-4DBA-45F7-8967-C591AAAFCB49}
	EndGlobalSection
EndGlobal
